{
  "name": "next-react-app4",
  "version": "1.0.0",
  "lockfileVersion": 1,
  "requires": true,
  "dependencies": {
    "@next/env": {
      "version": "12.1.0",
      "resolved": "https://registry.npmjs.org/@next/env/-/env-12.1.0.tgz",
      "integrity": "sha512-nrIgY6t17FQ9xxwH3jj0a6EOiQ/WDHUos35Hghtr+SWN/ntHIQ7UpuvSi0vaLzZVHQWaDupKI+liO5vANcDeTQ=="
    },
    "@next/swc-android-arm64": {
      "version": "12.1.0",
      "resolved": "https://registry.npmjs.org/@next/swc-android-arm64/-/swc-android-arm64-12.1.0.tgz",
      "integrity": "sha512-/280MLdZe0W03stA69iL+v6I+J1ascrQ6FrXBlXGCsGzrfMaGr7fskMa0T5AhQIVQD4nA/46QQWxG//DYuFBcA==",
      "optional": true
    },
    "@next/swc-darwin-arm64": {
      "version": "12.1.0",
      "resolved": "https://registry.npmjs.org/@next/swc-darwin-arm64/-/swc-darwin-arm64-12.1.0.tgz",
      "integrity": "sha512-R8vcXE2/iONJ1Unf5Ptqjk6LRW3bggH+8drNkkzH4FLEQkHtELhvcmJwkXcuipyQCsIakldAXhRbZmm3YN1vXg==",
      "optional": true
    },
    "@next/swc-darwin-x64": {
      "version": "12.1.0",
      "resolved": "https://registry.npmjs.org/@next/swc-darwin-x64/-/swc-darwin-x64-12.1.0.tgz",
      "integrity": "sha512-ieAz0/J0PhmbZBB8+EA/JGdhRHBogF8BWaeqR7hwveb6SYEIJaDNQy0I+ZN8gF8hLj63bEDxJAs/cEhdnTq+ug==",
      "optional": true
    },
    "@next/swc-linux-arm-gnueabihf": {
      "version": "12.1.0",
      "resolved": "https://registry.npmjs.org/@next/swc-linux-arm-gnueabihf/-/swc-linux-arm-gnueabihf-12.1.0.tgz",
      "integrity": "sha512-njUd9hpl6o6A5d08dC0cKAgXKCzm5fFtgGe6i0eko8IAdtAPbtHxtpre3VeSxdZvuGFh+hb0REySQP9T1ttkog==",
      "optional": true
    },
    "@next/swc-linux-arm64-gnu": {
      "version": "12.1.0",
      "resolved": "https://registry.npmjs.org/@next/swc-linux-arm64-gnu/-/swc-linux-arm64-gnu-12.1.0.tgz",
      "integrity": "sha512-OqangJLkRxVxMhDtcb7Qn1xjzFA3s50EIxY7mljbSCLybU+sByPaWAHY4px97ieOlr2y4S0xdPKkQ3BCAwyo6Q==",
      "optional": true
    },
    "@next/swc-linux-arm64-musl": {
      "version": "12.1.0",
      "resolved": "https://registry.npmjs.org/@next/swc-linux-arm64-musl/-/swc-linux-arm64-musl-12.1.0.tgz",
      "integrity": "sha512-hB8cLSt4GdmOpcwRe2UzI5UWn6HHO/vLkr5OTuNvCJ5xGDwpPXelVkYW/0+C3g5axbDW2Tym4S+MQCkkH9QfWA==",
      "optional": true
    },
    "@next/swc-linux-x64-gnu": {
      "version": "12.1.0",
      "resolved": "https://registry.npmjs.org/@next/swc-linux-x64-gnu/-/swc-linux-x64-gnu-12.1.0.tgz",
      "integrity": "sha512-OKO4R/digvrVuweSw/uBM4nSdyzsBV5EwkUeeG4KVpkIZEe64ZwRpnFB65bC6hGwxIBnTv5NMSnJ+0K/WmG78A==",
      "optional": true
    },
    "@next/swc-linux-x64-musl": {
      "version": "12.1.0",
      "resolved": "https://registry.npmjs.org/@next/swc-linux-x64-musl/-/swc-linux-x64-musl-12.1.0.tgz",
      "integrity": "sha512-JohhgAHZvOD3rQY7tlp7NlmvtvYHBYgY0x5ZCecUT6eCCcl9lv6iV3nfu82ErkxNk1H893fqH0FUpznZ/H3pSw==",
      "optional": true
    },
    "@next/swc-win32-arm64-msvc": {
      "version": "12.1.0",
      "resolved": "https://registry.npmjs.org/@next/swc-win32-arm64-msvc/-/swc-win32-arm64-msvc-12.1.0.tgz",
      "integrity": "sha512-T/3gIE6QEfKIJ4dmJk75v9hhNiYZhQYAoYm4iVo1TgcsuaKLFa+zMPh4056AHiG6n9tn2UQ1CFE8EoybEsqsSw==",
      "optional": true
    },
    "@next/swc-win32-ia32-msvc": {
      "version": "12.1.0",
      "resolved": "https://registry.npmjs.org/@next/swc-win32-ia32-msvc/-/swc-win32-ia32-msvc-12.1.0.tgz",
      "integrity": "sha512-iwnKgHJdqhIW19H9PRPM9j55V6RdcOo6rX+5imx832BCWzkDbyomWnlzBfr6ByUYfhohb8QuH4hSGEikpPqI0Q==",
      "optional": true
    },
    "@next/swc-win32-x64-msvc": {
      "version": "12.1.0",
      "resolved": "https://registry.npmjs.org/@next/swc-win32-x64-msvc/-/swc-win32-x64-msvc-12.1.0.tgz",
      "integrity": "sha512-aBvcbMwuanDH4EMrL2TthNJy+4nP59Bimn8egqv6GHMVj0a44cU6Au4PjOhLNqEh9l+IpRGBqMTzec94UdC5xg==",
      "optional": true
    },
    "caniuse-lite": {
      "version": "1.0.30001418",
      "resolved": "https://registry.npmjs.org/caniuse-lite/-/caniuse-lite-1.0.30001418.tgz",
      "integrity": "sha512-oIs7+JL3K9JRQ3jPZjlH6qyYDp+nBTCais7hjh0s+fuBwufc7uZ7hPYMXrDOJhV360KGMTcczMRObk0/iMqZRg=="
    },
    "commander": {
      "version": "2.20.3",
      "resolved": "https://registry.npmjs.org/commander/-/commander-2.20.3.tgz",
      "integrity": "sha512-GpVkmM8vF2vQUkj2LvZmD35JxeJOLCwJ9cUkugyk2nuhbv3+mJvpLYYt+0+USMxE+oj+ey/lJEnhZw75x/OMcQ=="
    },
    "d3-array": {
      "version": "1.2.4",
      "resolved": "https://registry.npmjs.org/d3-array/-/d3-array-1.2.4.tgz",
      "integrity": "sha512-KHW6M86R+FUPYGb3R5XiYjXPq7VzwxZ22buHhAEVG5ztoEcZZMLov530mmccaqA1GghZArjQV46fuc8kUqhhHw=="
    },
    "d3-collection": {
      "version": "1.0.7",
      "resolved": "https://registry.npmjs.org/d3-collection/-/d3-collection-1.0.7.tgz",
      "integrity": "sha512-ii0/r5f4sjKNTfh84Di+DpztYwqKhEyUlKoPrzUFfeSkWxjW49xU2QzO9qrPrNkpdI0XJkfzvmTu8V2Zylln6A=="
    },
    "d3-color": {
      "version": "1.4.0",
      "resolved": "https://registry.npmjs.org/d3-color/-/d3-color-1.4.0.tgz",
      "integrity": "sha512-TzNPeJy2+iEepfiL92LAAB7fvnp/dV2YwANPVHdDWmYMm23qIJBYww3qT8I8C1wXrmrg4UWs7BKc2tKIgyjzHg=="
    },
    "d3-dsv": {
      "version": "1.2.0",
      "resolved": "https://registry.npmjs.org/d3-dsv/-/d3-dsv-1.2.0.tgz",
      "integrity": "sha512-9yVlqvZcSOMhCYzniHE7EVUws7Fa1zgw+/EAV2BxJoG3ME19V6BQFBwI855XQDsxyOuG7NibqRMTtiF/Qup46g==",
      "requires": {
        "commander": "2",
        "iconv-lite": "0.4",
        "rw": "1"
      }
    },
    "d3-ease": {
      "version": "1.0.6",
      "resolved": "https://registry.npmjs.org/d3-ease/-/d3-ease-1.0.6.tgz",
      "integrity": "sha512-SZ/lVU7LRXafqp7XtIcBdxnWl8yyLpgOmzAk0mWBI9gXNzLDx5ybZgnRbH9dN/yY5tzVBqCQ9avltSnqVwessQ=="
    },
    "d3-fetch": {
      "version": "1.1.2",
      "resolved": "https://registry.npmjs.org/d3-fetch/-/d3-fetch-1.1.2.tgz",
      "integrity": "sha512-S2loaQCV/ZeyTyIF2oP8D1K9Z4QizUzW7cWeAOAS4U88qOt3Ucf6GsmgthuYSdyB2HyEm4CeGvkQxWsmInsIVA==",
      "requires": {
        "d3-dsv": "1"
      }
    },
    "d3-format": {
      "version": "1.4.3",
      "resolved": "https://registry.npmjs.org/d3-format/-/d3-format-1.4.3.tgz",
      "integrity": "sha512-mm/nE2Y9HgGyjP+rKIekeITVgBtX97o1nrvHCWX8F/yBYyevUTvu9vb5pUnKwrcSw7o7GuwMOWjS9gFDs4O+uQ=="
    },
    "d3-geo": {
      "version": "1.6.3",
      "resolved": "https://registry.npmjs.org/d3-geo/-/d3-geo-1.6.3.tgz",
      "integrity": "sha1-IWg6Q6Bh6rohp/JUtR1ZN+tkB1Y=",
      "requires": {
        "d3-array": "1"
      }
    },
    "d3-geo-projection": {
      "version": "1.2.2",
      "resolved": "https://registry.npmjs.org/d3-geo-projection/-/d3-geo-projection-1.2.2.tgz",
      "integrity": "sha1-7w5s3PoN8jbQ4j8sp3UEYsozH3I=",
      "requires": {
        "commander": "2",
        "d3-array": "1",
        "d3-geo": "^1.1.0"
      }
    },
    "d3-interpolate": {
      "version": "1.4.0",
      "resolved": "https://registry.npmjs.org/d3-interpolate/-/d3-interpolate-1.4.0.tgz",
      "integrity": "sha512-V9znK0zc3jOPV4VD2zZn0sDhZU3WAE2bmlxdIwwQPPzPjvyLkd8B3JUVdS1IDUFDkWZ72c9qnv1GK2ZagTZ8EA==",
      "requires": {
        "d3-color": "1"
      }
    },
    "d3-path": {
      "version": "1.0.9",
      "resolved": "https://registry.npmjs.org/d3-path/-/d3-path-1.0.9.tgz",
      "integrity": "sha512-VLaYcn81dtHVTjEHd8B+pbe9yHWpXKZUC87PzoFmsFrJqgFwDe/qxfp5MlfsfM1V5E/iVt0MmEbWQ7FVIXh/bg=="
    },
    "d3-scale": {
      "version": "3.2.1",
      "resolved": "https://registry.npmjs.org/d3-scale/-/d3-scale-3.2.1.tgz",
      "integrity": "sha512-huz5byJO/6MPpz6Q8d4lg7GgSpTjIZW/l+1MQkzKfu2u8P6hjaXaStOpmyrD6ymKoW87d2QVFCKvSjLwjzx/rA==",
      "requires": {
        "d3-array": "1.2.0 - 2",
        "d3-format": "1",
        "d3-interpolate": "^1.2.0",
        "d3-time": "1",
        "d3-time-format": "2"
      }
    },
    "d3-shape": {
      "version": "1.3.7",
      "resolved": "https://registry.npmjs.org/d3-shape/-/d3-shape-1.3.7.tgz",
      "integrity": "sha512-EUkvKjqPFUAZyOlhY5gzCxCeI0Aep04LwIRpsZ/mLFelJiUfnK56jo5JMDSE7yyP2kLSb6LtF+S5chMk7uqPqw==",
      "requires": {
        "d3-path": "1"
      }
    },
    "d3-time": {
      "version": "1.1.0",
      "resolved": "https://registry.npmjs.org/d3-time/-/d3-time-1.1.0.tgz",
      "integrity": "sha512-Xh0isrZ5rPYYdqhAVk8VLnMEidhz5aP7htAADH6MfzgmmicPkTo8LhkLxci61/lCB7n7UmE3bN0leRt+qvkLxA=="
    },
    "d3-time-format": {
      "version": "2.2.3",
      "resolved": "https://registry.npmjs.org/d3-time-format/-/d3-time-format-2.2.3.tgz",
      "integrity": "sha512-RAHNnD8+XvC4Zc4d2A56Uw0yJoM7bsvOlJR33bclxq399Rak/b9bhvu/InjxdWhPtkgU53JJcleJTGkNRnN6IA==",
      "requires": {
        "d3-time": "1"
      }
    },
    "d3-timer": {
      "version": "1.0.10",
      "resolved": "https://registry.npmjs.org/d3-timer/-/d3-timer-1.0.10.tgz",
      "integrity": "sha512-B1JDm0XDaQC+uvo4DT79H0XmBskgS3l6Ve+1SBCfxgmtIb1AVrPIoqd+nPSv+loMX8szQ0sVUhGngL7D5QPiXw=="
    },
    "d3-voronoi": {
      "version": "1.1.4",
      "resolved": "https://registry.npmjs.org/d3-voronoi/-/d3-voronoi-1.1.4.tgz",
      "integrity": "sha512-dArJ32hchFsrQ8uMiTBLq256MpnZjeuBtdHpaDlYuQyjU0CVzCJl/BVW+SkszaAeH95D/8gxqAhgx0ouAWAfRg=="
    },
    "delaunator": {
      "version": "4.0.1",
      "resolved": "https://registry.npmjs.org/delaunator/-/delaunator-4.0.1.tgz",
      "integrity": "sha512-WNPWi1IRKZfCt/qIDMfERkDp93+iZEmOxN2yy4Jg+Xhv8SLk2UTqqbe1sfiipn0and9QrE914/ihdx82Y/Giag=="
    },
    "delaunay-find": {
      "version": "0.0.5",
      "resolved": "https://registry.npmjs.org/delaunay-find/-/delaunay-find-0.0.5.tgz",
      "integrity": "sha512-7yAJ/wmKWj3SgqjtkGqT/RCwI0HWAo5YnHMoF5nYXD8cdci+YSo23iPmgrZUNOpDxRWN91PqxUvMMr2lKpjr+w==",
      "requires": {
        "delaunator": "^4.0.0"
      }
    },
    "iconv-lite": {
      "version": "0.4.24",
      "resolved": "https://registry.npmjs.org/iconv-lite/-/iconv-lite-0.4.24.tgz",
      "integrity": "sha512-v3MXnZAcvnywkTUEZomIActle7RXXeedOR31wwl7VlyoXO4Qi9arvSenNQWne1TcRwhCL1HwLI21bEqdpj8/rA==",
      "requires": {
        "safer-buffer": ">= 2.1.2 < 3"
      }
    },
    "js-tokens": {
      "version": "4.0.0",
      "resolved": "https://registry.npmjs.org/js-tokens/-/js-tokens-4.0.0.tgz",
      "integrity": "sha512-RdJUflcE3cUzKiMqQgsCu06FPu9UdIJO0beYbPhHN4k6apgJtifcoCtT9bcxOpYBtpD2kCM6Sbzg4CausW/PKQ=="
    },
    "lodash": {
      "version": "4.17.15",
      "resolved": "https://registry.npmjs.org/lodash/-/lodash-4.17.15.tgz",
      "integrity": "sha512-8xOcRHvCjnocdS5cpwXQXVzmmh5e5+saE2QGoeQmbKmRS6J3VQppPOIt0MnmE+4xlZoumy0GPG0D0MVIQbNA1A=="
    },
    "loose-envify": {
      "version": "1.4.0",
      "resolved": "https://registry.npmjs.org/loose-envify/-/loose-envify-1.4.0.tgz",
      "integrity": "sha512-lyuxPGr/Wfhrlem2CL/UcnUc1zcqKAImBDzukY7Y5F/yQiNdko6+fRLevlw1HgMySw7f611UIY408EtxRSoK3Q==",
      "requires": {
        "js-tokens": "^3.0.0 || ^4.0.0"
      }
    },
    "nanoid": {
      "version": "3.3.4",
      "resolved": "https://registry.npmjs.org/nanoid/-/nanoid-3.3.4.tgz",
      "integrity": "sha512-MqBkQh/OHTS2egovRtLk45wEyNXwF+cokD+1YPf9u5VfJiRdAiRwB2froX5Co9Rh20xs4siNPm8naNotSD6RBw=="
    },
    "next": {
      "version": "12.1.0",
      "resolved": "https://registry.npmjs.org/next/-/next-12.1.0.tgz",
      "integrity": "sha512-s885kWvnIlxsUFHq9UGyIyLiuD0G3BUC/xrH0CEnH5lHEWkwQcHOORgbDF0hbrW9vr/7am4ETfX4A7M6DjrE7Q==",
      "requires": {
        "@next/env": "12.1.0",
        "@next/swc-android-arm64": "12.1.0",
        "@next/swc-darwin-arm64": "12.1.0",
        "@next/swc-darwin-x64": "12.1.0",
        "@next/swc-linux-arm-gnueabihf": "12.1.0",
        "@next/swc-linux-arm64-gnu": "12.1.0",
        "@next/swc-linux-arm64-musl": "12.1.0",
        "@next/swc-linux-x64-gnu": "12.1.0",
        "@next/swc-linux-x64-musl": "12.1.0",
        "@next/swc-win32-arm64-msvc": "12.1.0",
        "@next/swc-win32-ia32-msvc": "12.1.0",
        "@next/swc-win32-x64-msvc": "12.1.0",
        "caniuse-lite": "^1.0.30001283",
        "postcss": "8.4.5",
        "styled-jsx": "5.0.0",
        "use-subscription": "1.5.1"
      }
    },
    "object-assign": {
      "version": "4.1.1",
      "resolved": "https://registry.npmjs.org/object-assign/-/object-assign-4.1.1.tgz",
      "integrity": "sha1-IQmtx5ZYh8/AXLvUQsrIv7s2CGM="
    },
    "picocolors": {
      "version": "1.0.0",
      "resolved": "https://registry.npmjs.org/picocolors/-/picocolors-1.0.0.tgz",
      "integrity": "sha512-1fygroTLlHu66zi26VoTDv8yRgm0Fccecssto+MhsZ0D/DGW2sm8E8AjW7NU5VVTRt5GxbeZ5qBuJr+HyLYkjQ=="
    },
    "postcss": {
      "version": "8.4.5",
      "resolved": "https://registry.npmjs.org/postcss/-/postcss-8.4.5.tgz",
      "integrity": "sha512-jBDboWM8qpaqwkMwItqTQTiFikhs/67OYVvblFFTM7MrZjt6yMKd6r2kgXizEbTTljacm4NldIlZnhbjr84QYg==",
      "requires": {
        "nanoid": "^3.1.30",
        "picocolors": "^1.0.0",
        "source-map-js": "^1.0.1"
      }
    },
    "prop-types": {
      "version": "15.7.2",
      "resolved": "https://registry.npmjs.org/prop-types/-/prop-types-15.7.2.tgz",
      "integrity": "sha512-8QQikdH7//R2vurIJSutZ1smHYTcLpRWEOlHnzcWHmBYrOGUysKwSsrC89BCiFj3CbrfJ/nXFdJepOVrY1GCHQ==",
      "requires": {
        "loose-envify": "^1.4.0",
        "object-assign": "^4.1.1",
        "react-is": "^16.8.1"
      }
    },
    "react": {
      "version": "16.12.0",
      "resolved": "https://registry.npmjs.org/react/-/react-16.12.0.tgz",
      "integrity": "sha512-fglqy3k5E+81pA8s+7K0/T3DBCF0ZDOher1elBFzF7O6arXJgzyu/FW+COxFvAWXJoJN9KIZbT2LXlukwphYTA==",
      "requires": {
        "loose-envify": "^1.1.0",
        "object-assign": "^4.1.1",
        "prop-types": "^15.6.2"
      }
    },
    "react-dom": {
      "version": "16.12.0",
      "resolved": "https://registry.npmjs.org/react-dom/-/react-dom-16.12.0.tgz",
      "integrity": "sha512-LMxFfAGrcS3kETtQaCkTKjMiifahaMySFDn71fZUNpPHZQEzmk/GiAeIT8JSOrHB23fnuCOMruL2a8NYlw+8Gw==",
      "requires": {
        "loose-envify": "^1.1.0",
        "object-assign": "^4.1.1",
        "prop-types": "^15.6.2",
        "scheduler": "^0.18.0"
      }
    },
    "react-fast-compare": {
      "version": "2.0.4",
      "resolved": "https://registry.npmjs.org/react-fast-compare/-/react-fast-compare-2.0.4.tgz",
      "integrity": "sha512-suNP+J1VU1MWFKcyt7RtjiSWUjvidmQSlqu+eHslq+342xCbGTYmC0mEhPCOHxlW0CywylOC1u2DFAT+bv4dBw=="
    },
    "react-is": {
      "version": "16.8.6",
      "resolved": "https://registry.npmjs.org/react-is/-/react-is-16.8.6.tgz",
      "integrity": "sha512-aUk3bHfZ2bRSVFFbbeVS4i+lNPZr3/WM5jT2J5omUVV1zzcs1nAaf3l51ctA5FFvCRbhrH0bdAsRRQddFJZPtA=="
    },
    "react-simple-maps": {
      "version": "0.12.1",
      "resolved": "https://registry.npmjs.org/react-simple-maps/-/react-simple-maps-0.12.1.tgz",
      "integrity": "sha512-htW2qQCnppGAUvWttf8ugZsVD896AfAjJNz3sgQT5zpdLNC+n2xegiNtn5inkD0aLuQWZ43i5cTlhPe0n6hvNQ==",
      "requires": {
        "d3-geo": "1.6.3",
        "d3-geo-projection": "1.2.2",
        "topojson-client": "2.1.0"
      }
    },
    "rw": {
      "version": "1.3.3",
      "resolved": "https://registry.npmjs.org/rw/-/rw-1.3.3.tgz",
      "integrity": "sha1-P4Yt+pGrdmsUiF700BEkv9oHT7Q="
    },
    "safer-buffer": {
      "version": "2.1.2",
      "resolved": "https://registry.npmjs.org/safer-buffer/-/safer-buffer-2.1.2.tgz",
      "integrity": "sha512-YZo3K82SD7Riyi0E1EQPojLz7kpepnSQI9IyPbHHg1XXXevb5dJI7tpyN2ADxGcQbHG7vcyRHk0cbwqcQriUtg=="
    },
    "scheduler": {
      "version": "0.18.0",
      "resolved": "https://registry.npmjs.org/scheduler/-/scheduler-0.18.0.tgz",
      "integrity": "sha512-agTSHR1Nbfi6ulI0kYNK0203joW2Y5W4po4l+v03tOoiJKpTBbxpNhWDvqc/4IcOw+KLmSiQLTasZ4cab2/UWQ==",
      "requires": {
        "loose-envify": "^1.1.0",
        "object-assign": "^4.1.1"
      }
    },
    "source-map-js": {
      "version": "1.0.2",
      "resolved": "https://registry.npmjs.org/source-map-js/-/source-map-js-1.0.2.tgz",
      "integrity": "sha512-R0XvVJ9WusLiqTCEiGCmICCMplcCkIwwR11mOSD9CR5u+IXYdiseeEuXCVAjS54zqwkLcPNnmU4OeJ6tUrWhDw=="
    },
    "styled-jsx": {
      "version": "5.0.0",
      "resolved": "https://registry.npmjs.org/styled-jsx/-/styled-jsx-5.0.0.tgz",
      "integrity": "sha512-qUqsWoBquEdERe10EW8vLp3jT25s/ssG1/qX5gZ4wu15OZpmSMFI2v+fWlRhLfykA5rFtlJ1ME8A8pm/peV4WA=="
    },
    "topojson-client": {
      "version": "2.1.0",
      "resolved": "https://registry.npmjs.org/topojson-client/-/topojson-client-2.1.0.tgz",
      "integrity": "sha1-/59784mRGF4LQoTCsGroNPDqxsg=",
      "requires": {
        "commander": "2"
      }
    },
    "use-subscription": {
      "version": "1.5.1",
      "resolved": "https://registry.npmjs.org/use-subscription/-/use-subscription-1.5.1.tgz",
      "integrity": "sha512-Xv2a1P/yReAjAbhylMfFplFKj9GssgTwN7RlcTxBujFQcloStWNDQdc4g4NRWH9xS4i/FDk04vQBptAXoF3VcA==",
      "requires": {
        "object-assign": "^4.1.1"
      }
    },
    "victory": {
      "version": "34.1.1",
      "resolved": "https://registry.npmjs.org/victory/-/victory-34.1.1.tgz",
      "integrity": "sha512-UYBolTpIZYyfI2EhDQ3mzVyLfGmgRlscnu0qdEJe7gkOG+gKeM8yQhjBvmuqiTMoZl5R89uriGJrmwSSDYDBkQ==",
      "requires": {
        "victory-area": "^34.1.1",
        "victory-axis": "^34.1.1",
        "victory-bar": "^34.1.1",
        "victory-box-plot": "^34.1.1",
        "victory-brush-container": "^34.1.1",
        "victory-brush-line": "^34.1.1",
        "victory-candlestick": "^34.1.1",
        "victory-chart": "^34.1.1",
        "victory-core": "^34.1.1",
        "victory-create-container": "^34.1.1",
        "victory-cursor-container": "^34.1.1",
        "victory-errorbar": "^34.1.1",
        "victory-group": "^34.1.1",
        "victory-legend": "^34.1.1",
        "victory-line": "^34.1.1",
        "victory-pie": "^34.1.1",
        "victory-polar-axis": "^34.1.1",
        "victory-scatter": "^34.1.1",
        "victory-selection-container": "^34.1.1",
        "victory-shared-events": "^34.1.1",
        "victory-stack": "^34.1.1",
        "victory-tooltip": "^34.1.1",
        "victory-voronoi": "^34.1.1",
        "victory-voronoi-container": "^34.1.1",
        "victory-zoom-container": "^34.1.1"
      }
    },
    "victory-area": {
      "version": "34.1.1",
      "resolved": "https://registry.npmjs.org/victory-area/-/victory-area-34.1.1.tgz",
      "integrity": "sha512-IVN9VIx2p0eqnU3MSriungJNWnS++z3lz4W0eGNc3Ezrb/ko305i4OHtggY64MxDym5XQNp7Tmvsf3dGY3/Fww==",
      "requires": {
        "d3-shape": "^1.2.0",
        "lodash": "^4.17.15",
        "prop-types": "^15.5.8",
        "victory-core": "^34.1.1"
      }
    },
    "victory-axis": {
      "version": "34.1.1",
      "resolved": "https://registry.npmjs.org/victory-axis/-/victory-axis-34.1.1.tgz",
      "integrity": "sha512-23qDlP9HYGBofhF/VaGOrwIdZMJT/n8Lhb+sVsj7keBXIOWFIq9D6TulQJ0SnGa4efFEQf0c/cPlFJFu9PipkQ==",
      "requires": {
        "lodash": "^4.17.15",
        "prop-types": "^15.5.8",
        "victory-core": "^34.1.1"
      }
    },
    "victory-bar": {
      "version": "34.1.1",
      "resolved": "https://registry.npmjs.org/victory-bar/-/victory-bar-34.1.1.tgz",
      "integrity": "sha512-np2KA9G+m0372QO1USGJ5MDjwAOUt31j2SFaHN5uylEJDJnd7eBWrPpDSLi8XhTe5WzJPy64RNfoIETsh365zA==",
      "requires": {
        "d3-shape": "^1.2.0",
        "lodash": "^4.17.15",
        "prop-types": "^15.5.8",
        "victory-core": "^34.1.1"
      }
    },
    "victory-box-plot": {
      "version": "34.1.1",
      "resolved": "https://registry.npmjs.org/victory-box-plot/-/victory-box-plot-34.1.1.tgz",
      "integrity": "sha512-FIEhS2BqFG/vPQnWAgYUvawrCYoKKQuzV+36vcq4Mph0FWK1QunnYQPD69uKJyCuTeiOv3cnmzdaZZzdW+IHgQ==",
      "requires": {
        "d3-array": "^1.2.0",
        "lodash": "^4.17.15",
        "prop-types": "^15.5.8",
        "victory-core": "^34.1.1"
      }
    },
    "victory-brush-container": {
      "version": "34.1.1",
      "resolved": "https://registry.npmjs.org/victory-brush-container/-/victory-brush-container-34.1.1.tgz",
      "integrity": "sha512-GGECTRV3sMnbNKEVH7HZMfFwrabcDYlq4AGjwH+LNz4xOvyoYoHUeqhCQ5VBlIZcb+ps/ZR0+fCzyZ9dBVqonw==",
      "requires": {
        "lodash": "^4.17.15",
        "prop-types": "^15.5.8",
        "react-fast-compare": "^2.0.0",
        "victory-core": "^34.1.1"
      }
    },
    "victory-brush-line": {
      "version": "34.1.1",
      "resolved": "https://registry.npmjs.org/victory-brush-line/-/victory-brush-line-34.1.1.tgz",
      "integrity": "sha512-UE2b5+WRe74JPpVFtAXX53LiyKaq8//YcLsltW9O2JeKIykWEqvGAP4BCzFjTa+Z52mY2lH4eOaA9XQXECu/xg==",
      "requires": {
        "lodash": "^4.17.15",
        "prop-types": "^15.5.8",
        "victory-core": "^34.1.1"
      }
    },
    "victory-candlestick": {
      "version": "34.1.1",
      "resolved": "https://registry.npmjs.org/victory-candlestick/-/victory-candlestick-34.1.1.tgz",
      "integrity": "sha512-tGw8wrpHQHjSnNMuAUCMwJmagDlFLVf9Z4fKZem9EARDRlKT83lK4ePK7JvnCCZLTQpCbDyuNxycGeQNobtsaA==",
      "requires": {
        "lodash": "^4.17.15",
        "prop-types": "^15.5.8",
        "victory-core": "^34.1.1"
      }
    },
    "victory-chart": {
      "version": "34.1.1",
      "resolved": "https://registry.npmjs.org/victory-chart/-/victory-chart-34.1.1.tgz",
      "integrity": "sha512-kJliRM3+5pqsrZIty5SIiP33JAQ4EPPdnyUl4K3KME0sBUvjCq+wOJ5XJIaR8995TIIMcYbEUGz8nVRKD4OoRg==",
      "requires": {
        "lodash": "^4.17.15",
        "prop-types": "^15.5.8",
        "react-fast-compare": "^2.0.0",
        "victory-axis": "^34.1.1",
        "victory-core": "^34.1.1",
        "victory-polar-axis": "^34.1.1",
        "victory-shared-events": "^34.1.1"
      }
    },
    "victory-core": {
      "version": "34.1.1",
      "resolved": "https://registry.npmjs.org/victory-core/-/victory-core-34.1.1.tgz",
      "integrity": "sha512-tPzb3hNMjFl20dmh981mBakPExa3J2W4Hyq92jcNHmTLUSGV25nwkmTXBHcHAlbxiubE8iLo6VUlWrHhWyWuLQ==",
      "requires": {
        "d3-ease": "^1.0.0",
        "d3-interpolate": "^1.1.1",
        "d3-scale": "^1.0.0",
        "d3-shape": "^1.2.0",
        "d3-timer": "^1.0.0",
        "lodash": "^4.17.15",
        "prop-types": "^15.5.8",
        "react-fast-compare": "^2.0.0"
      },
      "dependencies": {
        "d3-scale": {
          "version": "1.0.7",
          "resolved": "https://registry.npmjs.org/d3-scale/-/d3-scale-1.0.7.tgz",
          "integrity": "sha512-KvU92czp2/qse5tUfGms6Kjig0AhHOwkzXG0+PqIJB3ke0WUv088AHMZI0OssO9NCkXt4RP8yju9rpH8aGB7Lw==",
          "requires": {
            "d3-array": "^1.2.0",
            "d3-collection": "1",
            "d3-color": "1",
            "d3-format": "1",
            "d3-interpolate": "1",
            "d3-time": "1",
            "d3-time-format": "2"
          }
        }
      }
    },
    "victory-create-container": {
      "version": "34.1.1",
      "resolved": "https://registry.npmjs.org/victory-create-container/-/victory-create-container-34.1.1.tgz",
      "integrity": "sha512-xfdjlzVVvfp5375CApZAm/lHrCptqpr07qR8hDYmGo5PB9bgtfrOZB2gZe1ugdHck6+x3H/gglrca6ekO1W5XQ==",
      "requires": {
        "lodash": "^4.17.15",
        "victory-brush-container": "^34.1.1",
        "victory-core": "^34.1.1",
        "victory-cursor-container": "^34.1.1",
        "victory-selection-container": "^34.1.1",
        "victory-voronoi-container": "^34.1.1",
        "victory-zoom-container": "^34.1.1"
      }
    },
    "victory-cursor-container": {
      "version": "34.1.1",
      "resolved": "https://registry.npmjs.org/victory-cursor-container/-/victory-cursor-container-34.1.1.tgz",
      "integrity": "sha512-AjXX602jtaCnGhLasYrKQx3AabQvHwJLu9T+s5gO/kAbRjGozRiCLp/gKgV8OJs/aHx2ykGILyfd4gk8jehWPQ==",
      "requires": {
        "lodash": "^4.17.15",
        "prop-types": "^15.5.8",
        "victory-core": "^34.1.1"
      }
    },
    "victory-errorbar": {
      "version": "34.1.1",
      "resolved": "https://registry.npmjs.org/victory-errorbar/-/victory-errorbar-34.1.1.tgz",
      "integrity": "sha512-hsPN5rRN0ay5Vnc4dQkOP2za8TMkISKpZ7A+bp+LScnCdGV0O6re3qA5KpHoaCaVLA4MF3ranDj1m+KQ325uGw==",
      "requires": {
        "lodash": "^4.17.15",
        "prop-types": "^15.5.8",
        "victory-core": "^34.1.1"
      }
    },
    "victory-group": {
      "version": "34.1.1",
      "resolved": "https://registry.npmjs.org/victory-group/-/victory-group-34.1.1.tgz",
      "integrity": "sha512-Dyvrs/OEfc3akBkyInRyNmJJ+PXMXsx6Bd6mqRZ7ckoDfws/Nc/orGnKkOy+PDRWJaVJyetDJiELIQe7sZlBDg==",
      "requires": {
        "lodash": "^4.17.15",
        "prop-types": "^15.5.8",
        "react-fast-compare": "^2.0.0",
        "victory-core": "^34.1.1"
      }
    },
    "victory-legend": {
      "version": "34.1.1",
      "resolved": "https://registry.npmjs.org/victory-legend/-/victory-legend-34.1.1.tgz",
      "integrity": "sha512-TJL5JgBt6pD1xIuE551cr9uMk+qyPAVK2s0hSIrZ19CIyrARKRPU42gbkGIPxJ6O4T/1GUSoTvHaLL74tPm3bg==",
      "requires": {
        "lodash": "^4.17.15",
        "prop-types": "^15.5.8",
        "victory-core": "^34.1.1"
      }
    },
    "victory-line": {
      "version": "34.1.1",
      "resolved": "https://registry.npmjs.org/victory-line/-/victory-line-34.1.1.tgz",
      "integrity": "sha512-okA3vvmTS2Ob6rM7GfrcfObJFQjZRH27ZfpZUcLltc2yykl2uX75ml2MWbbO3vFXDYq0lFiRmp9NXwpFwwUCHA==",
      "requires": {
        "d3-shape": "^1.2.0",
        "lodash": "^4.17.15",
        "prop-types": "^15.5.8",
        "victory-core": "^34.1.1"
      }
    },
    "victory-pie": {
      "version": "34.1.1",
      "resolved": "https://registry.npmjs.org/victory-pie/-/victory-pie-34.1.1.tgz",
      "integrity": "sha512-2ppKp8GVQXbWED/ODdHClQW/G997fTJPoJh/C0+Jyrk4z3PB8Z8Mxh/8v3uz7XvTgf3OHZL2hsnmh0I86QY03g==",
      "requires": {
        "d3-shape": "^1.0.0",
        "lodash": "^4.17.15",
        "prop-types": "^15.5.8",
        "victory-core": "^34.1.1"
      }
    },
    "victory-polar-axis": {
      "version": "34.1.1",
      "resolved": "https://registry.npmjs.org/victory-polar-axis/-/victory-polar-axis-34.1.1.tgz",
      "integrity": "sha512-bPmF16a6eiDP8H3i2XlaKl2uju1QiY8krL57DMfJUEykeBm723HVJ/4Y+6EwZjkaYgzgCDnYmcq8N53dB0RbPA==",
      "requires": {
        "lodash": "^4.17.15",
        "prop-types": "^15.5.8",
        "victory-core": "^34.1.1"
      }
    },
    "victory-scatter": {
      "version": "34.1.1",
      "resolved": "https://registry.npmjs.org/victory-scatter/-/victory-scatter-34.1.1.tgz",
      "integrity": "sha512-rxzf+Qc+B6lxg6Lxi0CqrcLYyIZnSkJg4Va3/ZcxSrsHfqYiNYvy437hj9nAJqyzI+N7mRxPK/L2k2co9Py2Fw==",
      "requires": {
        "lodash": "^4.17.15",
        "prop-types": "^15.5.8",
        "victory-core": "^34.1.1"
      }
    },
    "victory-selection-container": {
      "version": "34.1.1",
      "resolved": "https://registry.npmjs.org/victory-selection-container/-/victory-selection-container-34.1.1.tgz",
      "integrity": "sha512-QLmTMAiAGZgUtosZWm6XsPXC5C7hTB2kI226FTvoQxE3eISCRWm9d3WyYkEaN6j4Nas1qAMzcd3PMABu35ASRw==",
      "requires": {
        "lodash": "^4.17.15",
        "prop-types": "^15.5.8",
        "victory-core": "^34.1.1"
      }
    },
    "victory-shared-events": {
      "version": "34.1.1",
      "resolved": "https://registry.npmjs.org/victory-shared-events/-/victory-shared-events-34.1.1.tgz",
      "integrity": "sha512-eBWf8nA8y5uIFzoZnc4/RfM1fB2bOYSj7rHmpbSh/i+nVkUsNlKRK8HDmhpGJOwK9vSy8OI9S+c2ecFhUKYFRA==",
      "requires": {
        "lodash": "^4.17.15",
        "prop-types": "^15.5.8",
        "react-fast-compare": "^2.0.0",
        "victory-core": "^34.1.1"
      }
    },
    "victory-stack": {
      "version": "34.1.1",
      "resolved": "https://registry.npmjs.org/victory-stack/-/victory-stack-34.1.1.tgz",
      "integrity": "sha512-Qn3gG7cyCXaIWQdo7rDOa0bN9KSOfD2bWu005/PtVBbkYhvc23BeBR81HqqK/LTWP75uA/22w3k2VzFFBXivMw==",
      "requires": {
        "lodash": "^4.17.15",
        "prop-types": "^15.5.8",
        "react-fast-compare": "^2.0.0",
        "victory-core": "^34.1.1"
      }
    },
    "victory-tooltip": {
      "version": "34.1.1",
      "resolved": "https://registry.npmjs.org/victory-tooltip/-/victory-tooltip-34.1.1.tgz",
      "integrity": "sha512-nOEVsZNAJmlkY92IPjOOmD0xsTSHi+jcfxgQqAMgtj5R2mDr1IC2Z1J8VSyTbH1AlyPzrJWN4ohMmCNUBjqOQA==",
      "requires": {
        "lodash": "^4.17.15",
        "prop-types": "^15.5.8",
        "victory-core": "^34.1.1"
      }
    },
    "victory-voronoi": {
      "version": "34.1.1",
      "resolved": "https://registry.npmjs.org/victory-voronoi/-/victory-voronoi-34.1.1.tgz",
      "integrity": "sha512-lEPXCt5dA96XiOm23AT+6ZOgxBNUKMHAejA19LmBkCz/zwKd5pGBsCGEPqsbhypVVDHhQbkIetxNf6kI+AlXJQ==",
      "requires": {
        "d3-voronoi": "^1.1.2",
        "lodash": "^4.17.15",
        "prop-types": "^15.5.8",
        "victory-core": "^34.1.1"
      }
    },
    "victory-voronoi-container": {
      "version": "34.1.1",
      "resolved": "https://registry.npmjs.org/victory-voronoi-container/-/victory-voronoi-container-34.1.1.tgz",
      "integrity": "sha512-ZotrVF+MSpZdNma/2WFi2UTpau9RRLWH4sQasNAYExOEGAel3hsSj81OTb2RatQ6mPqyR8oBtKzsLMmTdeLkRg==",
      "requires": {
        "delaunay-find": "0.0.5",
        "lodash": "^4.17.15",
        "prop-types": "^15.5.8",
        "victory-core": "^34.1.1",
        "victory-tooltip": "^34.1.1"
      }
    },
    "victory-zoom-container": {
      "version": "34.1.1",
      "resolved": "https://registry.npmjs.org/victory-zoom-container/-/victory-zoom-container-34.1.1.tgz",
      "integrity": "sha512-xMb4CPlOsfiJ6lzSKSJFQrM5ivJ8DU8PBKMtDrQkgjPAZTp7B99cF05poCtxn4M+mSJvo2/87Z0SfjOxBoz/cA==",
      "requires": {
        "lodash": "^4.17.15",
        "prop-types": "^15.5.8",
        "victory-core": "^34.1.1"
      }
    }
  }
}
